
Microsoft Visual Studio Solution File, Format Version 12.00
# Visual Studio Version 17
VisualStudioVersion = 17.3.32929.385
MinimumVisualStudioVersion = 10.0.40219.1
Project("{FAE04EC0-301F-11D3-BF4B-00C04F79EFBC}") = "EMS - SCNE", "EMS - SCNE\EMS - SCNE.csproj", "{06B9A95D-E35B-4434-9E3F-9C9F3A4B496B}"
EndProject
Project("{54435603-DBB4-11D2-8724-00A0C9A8B90C}") = "Setup", "Setup\Setup.vdproj", "{30BD5A3E-99B5-47C4-8BB2-0F7F2B334734}"
EndProject
Global
	GlobalSection(SolutionConfigurationPlatforms) = preSolution
		Debug|Any CPU = Debug|Any CPU
		Release|Any CPU = Release|Any CPU
	EndGlobalSection
	GlobalSection(ProjectConfigurationPlatforms) = postSolution
		{06B9A95D-E35B-4434-9E3F-9C9F3A4B496B}.Debug|Any CPU.ActiveCfg = Release|Any CPU
		{06B9A95D-E35B-4434-9E3F-9C9F3A4B496B}.Debug|Any CPU.Build.0 = Release|Any CPU
		{06B9A95D-E35B-4434-9E3F-9C9F3A4B496B}.Release|Any CPU.ActiveCfg = Release|Any CPU
		{06B9A95D-E35B-4434-9E3F-9C9F3A4B496B}.Release|Any CPU.Build.0 = Release|Any CPU
		{30BD5A3E-99B5-47C4-8BB2-0F7F2B334734}.Debug|Any CPU.ActiveCfg = Debug
		{30BD5A3E-99B5-47C4-8BB2-0F7F2B334734}.Release|Any CPU.ActiveCfg = Release
	EndGlobalSection
	GlobalSection(SolutionProperties) = preSolution
		HideSolutionNode = FALSE
	EndGlobalSection
	GlobalSection(ExtensibilityGlobals) = postSolution
		SolutionGuid = {251DF4AE-AD16-44AD-A675-C29BDD94E941}
	EndGlobalSection
EndGlobal
